// !$*UTF8*$!
{
	archiveVersion = 1;
	classes = {
	};
	objectVersion = 46;
	objects = {

/* Begin PBXBuildFile section */
		5C2B938B1902B37700B85DD1 /* CCClass.m in Sources */ = {isa = PBXBuildFile; fileRef = 5C2B938A1902B37700B85DD1 /* CCClass.m */; };
		5C4D1EB219194C7F0063FA52 /* CCSettingTableViewController.m in Sources */ = {isa = PBXBuildFile; fileRef = 5C4D1EB119194C7F0063FA52 /* CCSettingTableViewController.m */; };
		5C8FBC341910B0B0004200DE /* CCPictureViewController.m in Sources */ = {isa = PBXBuildFile; fileRef = 5C8FBC331910B0B0004200DE /* CCPictureViewController.m */; };
		5C8FBC371910B0C6004200DE /* CCTextViewController.m in Sources */ = {isa = PBXBuildFile; fileRef = 5C8FBC361910B0C6004200DE /* CCTextViewController.m */; };
		5C8FBC3A1910B6F0004200DE /* CCClassHelper.m in Sources */ = {isa = PBXBuildFile; fileRef = 5C8FBC391910B6F0004200DE /* CCClassHelper.m */; };
		5C8FBC481910FF75004200DE /* AWSAutoScaling.framework in Frameworks */ = {isa = PBXBuildFile; fileRef = 5C8FBC3C1910FF75004200DE /* AWSAutoScaling.framework */; };
		5C8FBC491910FF76004200DE /* AWSCloudWatch.framework in Frameworks */ = {isa = PBXBuildFile; fileRef = 5C8FBC3D1910FF75004200DE /* AWSCloudWatch.framework */; };
		5C8FBC4A1910FF76004200DE /* AWSDynamoDB.framework in Frameworks */ = {isa = PBXBuildFile; fileRef = 5C8FBC3E1910FF75004200DE /* AWSDynamoDB.framework */; };
		5C8FBC4B1910FF76004200DE /* AWSEC2.framework in Frameworks */ = {isa = PBXBuildFile; fileRef = 5C8FBC3F1910FF75004200DE /* AWSEC2.framework */; };
		5C8FBC4C1910FF76004200DE /* AWSElasticLoadBalancing.framework in Frameworks */ = {isa = PBXBuildFile; fileRef = 5C8FBC401910FF75004200DE /* AWSElasticLoadBalancing.framework */; };
		5C8FBC4D1910FF76004200DE /* AWSPersistence.framework in Frameworks */ = {isa = PBXBuildFile; fileRef = 5C8FBC411910FF75004200DE /* AWSPersistence.framework */; };
		5C8FBC4E1910FF76004200DE /* AWSRuntime.framework in Frameworks */ = {isa = PBXBuildFile; fileRef = 5C8FBC421910FF75004200DE /* AWSRuntime.framework */; };
		5C8FBC4F1910FF76004200DE /* AWSS3.framework in Frameworks */ = {isa = PBXBuildFile; fileRef = 5C8FBC431910FF75004200DE /* AWSS3.framework */; };
		5C8FBC501910FF76004200DE /* AWSSecurityTokenService.framework in Frameworks */ = {isa = PBXBuildFile; fileRef = 5C8FBC441910FF75004200DE /* AWSSecurityTokenService.framework */; };
		5C8FBC511910FF76004200DE /* AWSSES.framework in Frameworks */ = {isa = PBXBuildFile; fileRef = 5C8FBC451910FF75004200DE /* AWSSES.framework */; };
		5C8FBC521910FF76004200DE /* AWSSimpleDB.framework in Frameworks */ = {isa = PBXBuildFile; fileRef = 5C8FBC461910FF75004200DE /* AWSSimpleDB.framework */; };
		5C8FBC531910FF76004200DE /* AWSSNS.framework in Frameworks */ = {isa = PBXBuildFile; fileRef = 5C8FBC471910FF75004200DE /* AWSSNS.framework */; };
		5C8FBC551910FF9E004200DE /* AWSSQS.framework in Frameworks */ = {isa = PBXBuildFile; fileRef = 5C8FBC541910FF9E004200DE /* AWSSQS.framework */; };
		5C8FBCCF191149C4004200DE /* CCS3ServerManager.m in Sources */ = {isa = PBXBuildFile; fileRef = 5C8FBCCE191149C4004200DE /* CCS3ServerManager.m */; };
		5C8FBCD31912BBDE004200DE /* NoSlideAvailable.jpg in Resources */ = {isa = PBXBuildFile; fileRef = 5C8FBCD21912BBDE004200DE /* NoSlideAvailable.jpg */; };
		5CA36E701900BC370069A1BA /* CCMessage.m in Sources */ = {isa = PBXBuildFile; fileRef = 5CA36E6F1900BC370069A1BA /* CCMessage.m */; };
		5CA36E731900BCF00069A1BA /* CCMessageQueue.m in Sources */ = {isa = PBXBuildFile; fileRef = 5CA36E721900BCF00069A1BA /* CCMessageQueue.m */; };
		5CA98F1A190908D400776C32 /* CCClassTableViewController.m in Sources */ = {isa = PBXBuildFile; fileRef = 5CA98F19190908D400776C32 /* CCClassTableViewController.m */; };
		5CB294E218F61F2700A2AB45 /* CCLoginViewController.m in Sources */ = {isa = PBXBuildFile; fileRef = 5CB294E118F61F2700A2AB45 /* CCLoginViewController.m */; };
		5CB294E918F63A6600A2AB45 /* CCCommunicationHandler.m in Sources */ = {isa = PBXBuildFile; fileRef = 5CB294E818F63A6600A2AB45 /* CCCommunicationHandler.m */; };
		5CC8221F1901FA3B00E3507E /* CCMessageCenter.m in Sources */ = {isa = PBXBuildFile; fileRef = 5CC8221E1901FA3B00E3507E /* CCMessageCenter.m */; };
		5CD631BB18F4DF9100FF29F0 /* Foundation.framework in Frameworks */ = {isa = PBXBuildFile; fileRef = 5CD631BA18F4DF9100FF29F0 /* Foundation.framework */; };
		5CD631BD18F4DF9100FF29F0 /* CoreGraphics.framework in Frameworks */ = {isa = PBXBuildFile; fileRef = 5CD631BC18F4DF9100FF29F0 /* CoreGraphics.framework */; };
		5CD631BF18F4DF9100FF29F0 /* UIKit.framework in Frameworks */ = {isa = PBXBuildFile; fileRef = 5CD631BE18F4DF9100FF29F0 /* UIKit.framework */; };
		5CD631C518F4DF9200FF29F0 /* InfoPlist.strings in Resources */ = {isa = PBXBuildFile; fileRef = 5CD631C318F4DF9200FF29F0 /* InfoPlist.strings */; };
		5CD631C718F4DF9200FF29F0 /* main.m in Sources */ = {isa = PBXBuildFile; fileRef = 5CD631C618F4DF9200FF29F0 /* main.m */; };
		5CD631CB18F4DF9200FF29F0 /* CCAppDelegate.m in Sources */ = {isa = PBXBuildFile; fileRef = 5CD631CA18F4DF9200FF29F0 /* CCAppDelegate.m */; };
		5CD631CE18F4DF9200FF29F0 /* Main.storyboard in Resources */ = {isa = PBXBuildFile; fileRef = 5CD631CC18F4DF9200FF29F0 /* Main.storyboard */; };
		5CD631D318F4DF9200FF29F0 /* Images.xcassets in Resources */ = {isa = PBXBuildFile; fileRef = 5CD631D218F4DF9200FF29F0 /* Images.xcassets */; };
		5CD631DA18F4DF9200FF29F0 /* XCTest.framework in Frameworks */ = {isa = PBXBuildFile; fileRef = 5CD631D918F4DF9200FF29F0 /* XCTest.framework */; };
		5CD631DB18F4DF9200FF29F0 /* Foundation.framework in Frameworks */ = {isa = PBXBuildFile; fileRef = 5CD631BA18F4DF9100FF29F0 /* Foundation.framework */; };
		5CD631DC18F4DF9200FF29F0 /* UIKit.framework in Frameworks */ = {isa = PBXBuildFile; fileRef = 5CD631BE18F4DF9100FF29F0 /* UIKit.framework */; };
		5CD631E418F4DF9200FF29F0 /* InfoPlist.strings in Resources */ = {isa = PBXBuildFile; fileRef = 5CD631E218F4DF9200FF29F0 /* InfoPlist.strings */; };
		5CD631E618F4DF9200FF29F0 /* Cloud_ClassroomTests.m in Sources */ = {isa = PBXBuildFile; fileRef = 5CD631E518F4DF9200FF29F0 /* Cloud_ClassroomTests.m */; };
		5CD631F318F4E07700FF29F0 /* CCTCPConnection.m in Sources */ = {isa = PBXBuildFile; fileRef = 5CD631F218F4E07700FF29F0 /* CCTCPConnection.m */; };
		5CE7B5931909358C0055E381 /* CCMiscHelper.m in Sources */ = {isa = PBXBuildFile; fileRef = 5CE7B5921909358C0055E381 /* CCMiscHelper.m */; };
		5CE7B596190942B00055E381 /* CCClassTabBarController.m in Sources */ = {isa = PBXBuildFile; fileRef = 5CE7B595190942B00055E381 /* CCClassTabBarController.m */; };
		5CE7B59919095AE00055E381 /* CCStudentTableViewController.m in Sources */ = {isa = PBXBuildFile; fileRef = 5CE7B59819095AE00055E381 /* CCStudentTableViewController.m */; };
/* End PBXBuildFile section */

/* Begin PBXContainerItemProxy section */
		5CD631DD18F4DF9200FF29F0 /* PBXContainerItemProxy */ = {
			isa = PBXContainerItemProxy;
			containerPortal = 5CD631AF18F4DF9100FF29F0 /* Project object */;
			proxyType = 1;
			remoteGlobalIDString = 5CD631B618F4DF9100FF29F0;
			remoteInfo = Cloud_Classroom;
		};
/* End PBXContainerItemProxy section */

/* Begin PBXFileReference section */
		5C2B93891902B37700B85DD1 /* CCClass.h */ = {isa = PBXFileReference; fileEncoding = 4; lastKnownFileType = sourcecode.c.h; path = CCClass.h; sourceTree = "<group>"; };
		5C2B938A1902B37700B85DD1 /* CCClass.m */ = {isa = PBXFileReference; fileEncoding = 4; lastKnownFileType = sourcecode.c.objc; path = CCClass.m; sourceTree = "<group>"; };
		5C4D1EB019194C7F0063FA52 /* CCSettingTableViewController.h */ = {isa = PBXFileReference; fileEncoding = 4; lastKnownFileType = sourcecode.c.h; path = CCSettingTableViewController.h; sourceTree = "<group>"; };
		5C4D1EB119194C7F0063FA52 /* CCSettingTableViewController.m */ = {isa = PBXFileReference; fileEncoding = 4; lastKnownFileType = sourcecode.c.objc; path = CCSettingTableViewController.m; sourceTree = "<group>"; };
		5C8FBC321910B0B0004200DE /* CCPictureViewController.h */ = {isa = PBXFileReference; fileEncoding = 4; lastKnownFileType = sourcecode.c.h; path = CCPictureViewController.h; sourceTree = "<group>"; };
		5C8FBC331910B0B0004200DE /* CCPictureViewController.m */ = {isa = PBXFileReference; fileEncoding = 4; lastKnownFileType = sourcecode.c.objc; path = CCPictureViewController.m; sourceTree = "<group>"; };
		5C8FBC351910B0C6004200DE /* CCTextViewController.h */ = {isa = PBXFileReference; fileEncoding = 4; lastKnownFileType = sourcecode.c.h; path = CCTextViewController.h; sourceTree = "<group>"; };
		5C8FBC361910B0C6004200DE /* CCTextViewController.m */ = {isa = PBXFileReference; fileEncoding = 4; lastKnownFileType = sourcecode.c.objc; path = CCTextViewController.m; sourceTree = "<group>"; };
		5C8FBC381910B6F0004200DE /* CCClassHelper.h */ = {isa = PBXFileReference; fileEncoding = 4; lastKnownFileType = sourcecode.c.h; path = CCClassHelper.h; sourceTree = "<group>"; };
		5C8FBC391910B6F0004200DE /* CCClassHelper.m */ = {isa = PBXFileReference; fileEncoding = 4; lastKnownFileType = sourcecode.c.objc; path = CCClassHelper.m; sourceTree = "<group>"; };
		5C8FBC3C1910FF75004200DE /* AWSAutoScaling.framework */ = {isa = PBXFileReference; lastKnownFileType = wrapper.framework; path = AWSAutoScaling.framework; sourceTree = "<group>"; };
		5C8FBC3D1910FF75004200DE /* AWSCloudWatch.framework */ = {isa = PBXFileReference; lastKnownFileType = wrapper.framework; path = AWSCloudWatch.framework; sourceTree = "<group>"; };
		5C8FBC3E1910FF75004200DE /* AWSDynamoDB.framework */ = {isa = PBXFileReference; lastKnownFileType = wrapper.framework; path = AWSDynamoDB.framework; sourceTree = "<group>"; };
		5C8FBC3F1910FF75004200DE /* AWSEC2.framework */ = {isa = PBXFileReference; lastKnownFileType = wrapper.framework; path = AWSEC2.framework; sourceTree = "<group>"; };
		5C8FBC401910FF75004200DE /* AWSElasticLoadBalancing.framework */ = {isa = PBXFileReference; lastKnownFileType = wrapper.framework; path = AWSElasticLoadBalancing.framework; sourceTree = "<group>"; };
		5C8FBC411910FF75004200DE /* AWSPersistence.framework */ = {isa = PBXFileReference; lastKnownFileType = wrapper.framework; path = AWSPersistence.framework; sourceTree = "<group>"; };
		5C8FBC421910FF75004200DE /* AWSRuntime.framework */ = {isa = PBXFileReference; lastKnownFileType = wrapper.framework; path = AWSRuntime.framework; sourceTree = "<group>"; };
		5C8FBC431910FF75004200DE /* AWSS3.framework */ = {isa = PBXFileReference; lastKnownFileType = wrapper.framework; path = AWSS3.framework; sourceTree = "<group>"; };
		5C8FBC441910FF75004200DE /* AWSSecurityTokenService.framework */ = {isa = PBXFileReference; lastKnownFileType = wrapper.framework; path = AWSSecurityTokenService.framework; sourceTree = "<group>"; };
		5C8FBC451910FF75004200DE /* AWSSES.framework */ = {isa = PBXFileReference; lastKnownFileType = wrapper.framework; path = AWSSES.framework; sourceTree = "<group>"; };
		5C8FBC461910FF75004200DE /* AWSSimpleDB.framework */ = {isa = PBXFileReference; lastKnownFileType = wrapper.framework; path = AWSSimpleDB.framework; sourceTree = "<group>"; };
		5C8FBC471910FF75004200DE /* AWSSNS.framework */ = {isa = PBXFileReference; lastKnownFileType = wrapper.framework; path = AWSSNS.framework; sourceTree = "<group>"; };
		5C8FBC541910FF9E004200DE /* AWSSQS.framework */ = {isa = PBXFileReference; lastKnownFileType = wrapper.framework; path = AWSSQS.framework; sourceTree = "<group>"; };
		5C8FBCCD191149C4004200DE /* CCS3ServerManager.h */ = {isa = PBXFileReference; fileEncoding = 4; lastKnownFileType = sourcecode.c.h; path = CCS3ServerManager.h; sourceTree = "<group>"; };
		5C8FBCCE191149C4004200DE /* CCS3ServerManager.m */ = {isa = PBXFileReference; fileEncoding = 4; lastKnownFileType = sourcecode.c.objc; path = CCS3ServerManager.m; sourceTree = "<group>"; };
		5C8FBCD21912BBDE004200DE /* NoSlideAvailable.jpg */ = {isa = PBXFileReference; lastKnownFileType = image.jpeg; path = NoSlideAvailable.jpg; sourceTree = "<group>"; };
		5CA36E6E1900BC370069A1BA /* CCMessage.h */ = {isa = PBXFileReference; fileEncoding = 4; lastKnownFileType = sourcecode.c.h; path = CCMessage.h; sourceTree = "<group>"; };
		5CA36E6F1900BC370069A1BA /* CCMessage.m */ = {isa = PBXFileReference; fileEncoding = 4; lastKnownFileType = sourcecode.c.objc; path = CCMessage.m; sourceTree = "<group>"; };
		5CA36E711900BCF00069A1BA /* CCMessageQueue.h */ = {isa = PBXFileReference; fileEncoding = 4; lastKnownFileType = sourcecode.c.h; path = CCMessageQueue.h; sourceTree = "<group>"; };
		5CA36E721900BCF00069A1BA /* CCMessageQueue.m */ = {isa = PBXFileReference; fileEncoding = 4; lastKnownFileType = sourcecode.c.objc; path = CCMessageQueue.m; sourceTree = "<group>"; };
		5CA98F18190908D400776C32 /* CCClassTableViewController.h */ = {isa = PBXFileReference; fileEncoding = 4; lastKnownFileType = sourcecode.c.h; path = CCClassTableViewController.h; sourceTree = "<group>"; };
		5CA98F19190908D400776C32 /* CCClassTableViewController.m */ = {isa = PBXFileReference; fileEncoding = 4; lastKnownFileType = sourcecode.c.objc; path = CCClassTableViewController.m; sourceTree = "<group>"; };
		5CB294E018F61F2700A2AB45 /* CCLoginViewController.h */ = {isa = PBXFileReference; fileEncoding = 4; lastKnownFileType = sourcecode.c.h; path = CCLoginViewController.h; sourceTree = "<group>"; };
		5CB294E118F61F2700A2AB45 /* CCLoginViewController.m */ = {isa = PBXFileReference; fileEncoding = 4; lastKnownFileType = sourcecode.c.objc; path = CCLoginViewController.m; sourceTree = "<group>"; };
		5CB294E618F6383800A2AB45 /* CCConfiguration.h */ = {isa = PBXFileReference; lastKnownFileType = sourcecode.c.h; path = CCConfiguration.h; sourceTree = "<group>"; };
		5CB294E718F63A6600A2AB45 /* CCCommunicationHandler.h */ = {isa = PBXFileReference; fileEncoding = 4; lastKnownFileType = sourcecode.c.h; path = CCCommunicationHandler.h; sourceTree = "<group>"; };
		5CB294E818F63A6600A2AB45 /* CCCommunicationHandler.m */ = {isa = PBXFileReference; fileEncoding = 4; lastKnownFileType = sourcecode.c.objc; path = CCCommunicationHandler.m; sourceTree = "<group>"; };
		5CC8221D1901FA3B00E3507E /* CCMessageCenter.h */ = {isa = PBXFileReference; fileEncoding = 4; lastKnownFileType = sourcecode.c.h; path = CCMessageCenter.h; sourceTree = "<group>"; };
		5CC8221E1901FA3B00E3507E /* CCMessageCenter.m */ = {isa = PBXFileReference; fileEncoding = 4; lastKnownFileType = sourcecode.c.objc; path = CCMessageCenter.m; sourceTree = "<group>"; };
		5CD631B718F4DF9100FF29F0 /* Cloud_Classroom.app */ = {isa = PBXFileReference; explicitFileType = wrapper.application; includeInIndex = 0; path = Cloud_Classroom.app; sourceTree = BUILT_PRODUCTS_DIR; };
		5CD631BA18F4DF9100FF29F0 /* Foundation.framework */ = {isa = PBXFileReference; lastKnownFileType = wrapper.framework; name = Foundation.framework; path = System/Library/Frameworks/Foundation.framework; sourceTree = SDKROOT; };
		5CD631BC18F4DF9100FF29F0 /* CoreGraphics.framework */ = {isa = PBXFileReference; lastKnownFileType = wrapper.framework; name = CoreGraphics.framework; path = System/Library/Frameworks/CoreGraphics.framework; sourceTree = SDKROOT; };
		5CD631BE18F4DF9100FF29F0 /* UIKit.framework */ = {isa = PBXFileReference; lastKnownFileType = wrapper.framework; name = UIKit.framework; path = System/Library/Frameworks/UIKit.framework; sourceTree = SDKROOT; };
		5CD631C218F4DF9100FF29F0 /* Cloud_Classroom-Info.plist */ = {isa = PBXFileReference; lastKnownFileType = text.plist.xml; path = "Cloud_Classroom-Info.plist"; sourceTree = "<group>"; };
		5CD631C418F4DF9200FF29F0 /* en */ = {isa = PBXFileReference; lastKnownFileType = text.plist.strings; name = en; path = en.lproj/InfoPlist.strings; sourceTree = "<group>"; };
		5CD631C618F4DF9200FF29F0 /* main.m */ = {isa = PBXFileReference; lastKnownFileType = sourcecode.c.objc; path = main.m; sourceTree = "<group>"; };
		5CD631C818F4DF9200FF29F0 /* Cloud_Classroom-Prefix.pch */ = {isa = PBXFileReference; lastKnownFileType = sourcecode.c.h; path = "Cloud_Classroom-Prefix.pch"; sourceTree = "<group>"; };
		5CD631C918F4DF9200FF29F0 /* CCAppDelegate.h */ = {isa = PBXFileReference; lastKnownFileType = sourcecode.c.h; path = CCAppDelegate.h; sourceTree = "<group>"; };
		5CD631CA18F4DF9200FF29F0 /* CCAppDelegate.m */ = {isa = PBXFileReference; lastKnownFileType = sourcecode.c.objc; path = CCAppDelegate.m; sourceTree = "<group>"; };
		5CD631CD18F4DF9200FF29F0 /* Base */ = {isa = PBXFileReference; lastKnownFileType = file.storyboard; name = Base; path = Base.lproj/Main.storyboard; sourceTree = "<group>"; };
		5CD631D218F4DF9200FF29F0 /* Images.xcassets */ = {isa = PBXFileReference; lastKnownFileType = folder.assetcatalog; path = Images.xcassets; sourceTree = "<group>"; };
		5CD631D818F4DF9200FF29F0 /* Cloud_ClassroomTests.xctest */ = {isa = PBXFileReference; explicitFileType = wrapper.cfbundle; includeInIndex = 0; path = Cloud_ClassroomTests.xctest; sourceTree = BUILT_PRODUCTS_DIR; };
		5CD631D918F4DF9200FF29F0 /* XCTest.framework */ = {isa = PBXFileReference; lastKnownFileType = wrapper.framework; name = XCTest.framework; path = Library/Frameworks/XCTest.framework; sourceTree = DEVELOPER_DIR; };
		5CD631E118F4DF9200FF29F0 /* Cloud_ClassroomTests-Info.plist */ = {isa = PBXFileReference; lastKnownFileType = text.plist.xml; path = "Cloud_ClassroomTests-Info.plist"; sourceTree = "<group>"; };
		5CD631E318F4DF9200FF29F0 /* en */ = {isa = PBXFileReference; lastKnownFileType = text.plist.strings; name = en; path = en.lproj/InfoPlist.strings; sourceTree = "<group>"; };
		5CD631E518F4DF9200FF29F0 /* Cloud_ClassroomTests.m */ = {isa = PBXFileReference; lastKnownFileType = sourcecode.c.objc; path = Cloud_ClassroomTests.m; sourceTree = "<group>"; };
		5CD631F118F4E07700FF29F0 /* CCTCPConnection.h */ = {isa = PBXFileReference; fileEncoding = 4; lastKnownFileType = sourcecode.c.h; path = CCTCPConnection.h; sourceTree = "<group>"; };
		5CD631F218F4E07700FF29F0 /* CCTCPConnection.m */ = {isa = PBXFileReference; fileEncoding = 4; lastKnownFileType = sourcecode.c.objc; path = CCTCPConnection.m; sourceTree = "<group>"; };
		5CE7B5911909358C0055E381 /* CCMiscHelper.h */ = {isa = PBXFileReference; fileEncoding = 4; lastKnownFileType = sourcecode.c.h; path = CCMiscHelper.h; sourceTree = "<group>"; };
		5CE7B5921909358C0055E381 /* CCMiscHelper.m */ = {isa = PBXFileReference; fileEncoding = 4; lastKnownFileType = sourcecode.c.objc; path = CCMiscHelper.m; sourceTree = "<group>"; };
		5CE7B594190942B00055E381 /* CCClassTabBarController.h */ = {isa = PBXFileReference; fileEncoding = 4; lastKnownFileType = sourcecode.c.h; path = CCClassTabBarController.h; sourceTree = "<group>"; };
		5CE7B595190942B00055E381 /* CCClassTabBarController.m */ = {isa = PBXFileReference; fileEncoding = 4; lastKnownFileType = sourcecode.c.objc; path = CCClassTabBarController.m; sourceTree = "<group>"; };
		5CE7B59719095AE00055E381 /* CCStudentTableViewController.h */ = {isa = PBXFileReference; fileEncoding = 4; lastKnownFileType = sourcecode.c.h; path = CCStudentTableViewController.h; sourceTree = "<group>"; };
		5CE7B59819095AE00055E381 /* CCStudentTableViewController.m */ = {isa = PBXFileReference; fileEncoding = 4; lastKnownFileType = sourcecode.c.objc; path = CCStudentTableViewController.m; sourceTree = "<group>"; };
/* End PBXFileReference section */

/* Begin PBXFrameworksBuildPhase section */
		5CD631B418F4DF9100FF29F0 /* Frameworks */ = {
			isa = PBXFrameworksBuildPhase;
			buildActionMask = 2147483647;
			files = (
				5C8FBC491910FF76004200DE /* AWSCloudWatch.framework in Frameworks */,
				5C8FBC531910FF76004200DE /* AWSSNS.framework in Frameworks */,
				5CD631BD18F4DF9100FF29F0 /* CoreGraphics.framework in Frameworks */,
				5C8FBC501910FF76004200DE /* AWSSecurityTokenService.framework in Frameworks */,
				5C8FBC4D1910FF76004200DE /* AWSPersistence.framework in Frameworks */,
				5C8FBC4E1910FF76004200DE /* AWSRuntime.framework in Frameworks */,
				5C8FBC4B1910FF76004200DE /* AWSEC2.framework in Frameworks */,
				5C8FBC481910FF75004200DE /* AWSAutoScaling.framework in Frameworks */,
				5C8FBC4F1910FF76004200DE /* AWSS3.framework in Frameworks */,
				5C8FBC521910FF76004200DE /* AWSSimpleDB.framework in Frameworks */,
				5C8FBC4C1910FF76004200DE /* AWSElasticLoadBalancing.framework in Frameworks */,
				5CD631BF18F4DF9100FF29F0 /* UIKit.framework in Frameworks */,
				5C8FBC4A1910FF76004200DE /* AWSDynamoDB.framework in Frameworks */,
				5CD631BB18F4DF9100FF29F0 /* Foundation.framework in Frameworks */,
				5C8FBC551910FF9E004200DE /* AWSSQS.framework in Frameworks */,
				5C8FBC511910FF76004200DE /* AWSSES.framework in Frameworks */,
			);
			runOnlyForDeploymentPostprocessing = 0;
		};
		5CD631D518F4DF9200FF29F0 /* Frameworks */ = {
			isa = PBXFrameworksBuildPhase;
			buildActionMask = 2147483647;
			files = (
				5CD631DA18F4DF9200FF29F0 /* XCTest.framework in Frameworks */,
				5CD631DC18F4DF9200FF29F0 /* UIKit.framework in Frameworks */,
				5CD631DB18F4DF9200FF29F0 /* Foundation.framework in Frameworks */,
			);
			runOnlyForDeploymentPostprocessing = 0;
		};
/* End PBXFrameworksBuildPhase section */

/* Begin PBXGroup section */
		5C8FBC3B1910FF51004200DE /* AWS */ = {
			isa = PBXGroup;
			children = (
				5C8FBC541910FF9E004200DE /* AWSSQS.framework */,
				5C8FBC3C1910FF75004200DE /* AWSAutoScaling.framework */,
				5C8FBC3D1910FF75004200DE /* AWSCloudWatch.framework */,
				5C8FBC3E1910FF75004200DE /* AWSDynamoDB.framework */,
				5C8FBC3F1910FF75004200DE /* AWSEC2.framework */,
				5C8FBC401910FF75004200DE /* AWSElasticLoadBalancing.framework */,
				5C8FBC411910FF75004200DE /* AWSPersistence.framework */,
				5C8FBC421910FF75004200DE /* AWSRuntime.framework */,
				5C8FBC431910FF75004200DE /* AWSS3.framework */,
				5C8FBC441910FF75004200DE /* AWSSecurityTokenService.framework */,
				5C8FBC451910FF75004200DE /* AWSSES.framework */,
				5C8FBC461910FF75004200DE /* AWSSimpleDB.framework */,
				5C8FBC471910FF75004200DE /* AWSSNS.framework */,
			);
			name = AWS;
			sourceTree = "<group>";
		};
		5C8FBCD41912BBE5004200DE /* Images */ = {
			isa = PBXGroup;
			children = (
				5C8FBCD21912BBDE004200DE /* NoSlideAvailable.jpg */,
			);
			name = Images;
			sourceTree = "<group>";
		};
		5CA4952E190328470007FD28 /* Unit */ = {
			isa = PBXGroup;
			children = (
				5C2B93891902B37700B85DD1 /* CCClass.h */,
				5C2B938A1902B37700B85DD1 /* CCClass.m */,
				5CA36E711900BCF00069A1BA /* CCMessageQueue.h */,
				5CA36E721900BCF00069A1BA /* CCMessageQueue.m */,
				5CA36E6E1900BC370069A1BA /* CCMessage.h */,
				5CA36E6F1900BC370069A1BA /* CCMessage.m */,
			);
			name = Unit;
			sourceTree = "<group>";
		};
		5CD631AE18F4DF9100FF29F0 = {
			isa = PBXGroup;
			children = (
				5CD631C018F4DF9100FF29F0 /* Cloud_Classroom */,
				5CD631DF18F4DF9200FF29F0 /* Cloud_ClassroomTests */,
				5CD631B918F4DF9100FF29F0 /* Frameworks */,
				5CD631B818F4DF9100FF29F0 /* Products */,
			);
			sourceTree = "<group>";
		};
		5CD631B818F4DF9100FF29F0 /* Products */ = {
			isa = PBXGroup;
			children = (
				5CD631B718F4DF9100FF29F0 /* Cloud_Classroom.app */,
				5CD631D818F4DF9200FF29F0 /* Cloud_ClassroomTests.xctest */,
			);
			name = Products;
			sourceTree = "<group>";
		};
		5CD631B918F4DF9100FF29F0 /* Frameworks */ = {
			isa = PBXGroup;
			children = (
				5C8FBC3B1910FF51004200DE /* AWS */,
				5CD631BA18F4DF9100FF29F0 /* Foundation.framework */,
				5CD631BC18F4DF9100FF29F0 /* CoreGraphics.framework */,
				5CD631BE18F4DF9100FF29F0 /* UIKit.framework */,
				5CD631D918F4DF9200FF29F0 /* XCTest.framework */,
			);
			name = Frameworks;
			sourceTree = "<group>";
		};
		5CD631C018F4DF9100FF29F0 /* Cloud_Classroom */ = {
			isa = PBXGroup;
			children = (
				5CB294E618F6383800A2AB45 /* CCConfiguration.h */,
				5CD631CC18F4DF9200FF29F0 /* Main.storyboard */,
				5CA4952E190328470007FD28 /* Unit */,
				5CD631F418F4E08600FF29F0 /* Models */,
				5CD631EF18F4DFAE00FF29F0 /* Controllers */,
				5CD631D218F4DF9200FF29F0 /* Images.xcassets */,
				5C8FBCD41912BBE5004200DE /* Images */,
				5CD631C118F4DF9100FF29F0 /* Supporting Files */,
			);
			path = Cloud_Classroom;
			sourceTree = "<group>";
		};
		5CD631C118F4DF9100FF29F0 /* Supporting Files */ = {
			isa = PBXGroup;
			children = (
				5CD631C918F4DF9200FF29F0 /* CCAppDelegate.h */,
				5CD631CA18F4DF9200FF29F0 /* CCAppDelegate.m */,
				5CD631C218F4DF9100FF29F0 /* Cloud_Classroom-Info.plist */,
				5CD631C318F4DF9200FF29F0 /* InfoPlist.strings */,
				5CD631C618F4DF9200FF29F0 /* main.m */,
				5CD631C818F4DF9200FF29F0 /* Cloud_Classroom-Prefix.pch */,
			);
			name = "Supporting Files";
			sourceTree = "<group>";
		};
		5CD631DF18F4DF9200FF29F0 /* Cloud_ClassroomTests */ = {
			isa = PBXGroup;
			children = (
				5CD631E518F4DF9200FF29F0 /* Cloud_ClassroomTests.m */,
				5CD631E018F4DF9200FF29F0 /* Supporting Files */,
			);
			path = Cloud_ClassroomTests;
			sourceTree = "<group>";
		};
		5CD631E018F4DF9200FF29F0 /* Supporting Files */ = {
			isa = PBXGroup;
			children = (
				5CD631E118F4DF9200FF29F0 /* Cloud_ClassroomTests-Info.plist */,
				5CD631E218F4DF9200FF29F0 /* InfoPlist.strings */,
			);
			name = "Supporting Files";
			sourceTree = "<group>";
		};
		5CD631EF18F4DFAE00FF29F0 /* Controllers */ = {
			isa = PBXGroup;
			children = (
				5C4D1EB019194C7F0063FA52 /* CCSettingTableViewController.h */,
				5C4D1EB119194C7F0063FA52 /* CCSettingTableViewController.m */,
				5C8FBC321910B0B0004200DE /* CCPictureViewController.h */,
				5C8FBC331910B0B0004200DE /* CCPictureViewController.m */,
				5C8FBC351910B0C6004200DE /* CCTextViewController.h */,
				5C8FBC361910B0C6004200DE /* CCTextViewController.m */,
				5CE7B59719095AE00055E381 /* CCStudentTableViewController.h */,
				5CE7B59819095AE00055E381 /* CCStudentTableViewController.m */,
				5CE7B594190942B00055E381 /* CCClassTabBarController.h */,
				5CE7B595190942B00055E381 /* CCClassTabBarController.m */,
				5CA98F18190908D400776C32 /* CCClassTableViewController.h */,
				5CA98F19190908D400776C32 /* CCClassTableViewController.m */,
				5CB294E018F61F2700A2AB45 /* CCLoginViewController.h */,
				5CB294E118F61F2700A2AB45 /* CCLoginViewController.m */,
			);
			name = Controllers;
			sourceTree = "<group>";
		};
		5CD631F418F4E08600FF29F0 /* Models */ = {
			isa = PBXGroup;
			children = (
				5C8FBCCD191149C4004200DE /* CCS3ServerManager.h */,
				5C8FBCCE191149C4004200DE /* CCS3ServerManager.m */,
				5CE7B5911909358C0055E381 /* CCMiscHelper.h */,
				5CE7B5921909358C0055E381 /* CCMiscHelper.m */,
				5C8FBC381910B6F0004200DE /* CCClassHelper.h */,
				5C8FBC391910B6F0004200DE /* CCClassHelper.m */,
				5CC8221D1901FA3B00E3507E /* CCMessageCenter.h */,
				5CC8221E1901FA3B00E3507E /* CCMessageCenter.m */,
				5CB294E718F63A6600A2AB45 /* CCCommunicationHandler.h */,
				5CB294E818F63A6600A2AB45 /* CCCommunicationHandler.m */,
				5CD631F118F4E07700FF29F0 /* CCTCPConnection.h */,
				5CD631F218F4E07700FF29F0 /* CCTCPConnection.m */,
			);
			name = Models;
			sourceTree = "<group>";
		};
/* End PBXGroup section */

/* Begin PBXNativeTarget section */
		5CD631B618F4DF9100FF29F0 /* Cloud_Classroom */ = {
			isa = PBXNativeTarget;
			buildConfigurationList = 5CD631E918F4DF9200FF29F0 /* Build configuration list for PBXNativeTarget "Cloud_Classroom" */;
			buildPhases = (
				5CD631B318F4DF9100FF29F0 /* Sources */,
				5CD631B418F4DF9100FF29F0 /* Frameworks */,
				5CD631B518F4DF9100FF29F0 /* Resources */,
			);
			buildRules = (
			);
			dependencies = (
			);
			name = Cloud_Classroom;
			productName = Cloud_Classroom;
			productReference = 5CD631B718F4DF9100FF29F0 /* Cloud_Classroom.app */;
			productType = "com.apple.product-type.application";
		};
		5CD631D718F4DF9200FF29F0 /* Cloud_ClassroomTests */ = {
			isa = PBXNativeTarget;
			buildConfigurationList = 5CD631EC18F4DF9200FF29F0 /* Build configuration list for PBXNativeTarget "Cloud_ClassroomTests" */;
			buildPhases = (
				5CD631D418F4DF9200FF29F0 /* Sources */,
				5CD631D518F4DF9200FF29F0 /* Frameworks */,
				5CD631D618F4DF9200FF29F0 /* Resources */,
			);
			buildRules = (
			);
			dependencies = (
				5CD631DE18F4DF9200FF29F0 /* PBXTargetDependency */,
			);
			name = Cloud_ClassroomTests;
			productName = Cloud_ClassroomTests;
			productReference = 5CD631D818F4DF9200FF29F0 /* Cloud_ClassroomTests.xctest */;
			productType = "com.apple.product-type.bundle.unit-test";
		};
/* End PBXNativeTarget section */

/* Begin PBXProject section */
		5CD631AF18F4DF9100FF29F0 /* Project object */ = {
			isa = PBXProject;
			attributes = {
				CLASSPREFIX = CC;
				LastUpgradeCheck = 0510;
				ORGANIZATIONNAME = "Hao-Yu Hsieh";
				TargetAttributes = {
					5CD631B618F4DF9100FF29F0 = {
						DevelopmentTeam = 2M8CW9842Q;
					};
					5CD631D718F4DF9200FF29F0 = {
						TestTargetID = 5CD631B618F4DF9100FF29F0;
					};
				};
			};
			buildConfigurationList = 5CD631B218F4DF9100FF29F0 /* Build configuration list for PBXProject "Cloud_Classroom" */;
			compatibilityVersion = "Xcode 3.2";
			developmentRegion = English;
			hasScannedForEncodings = 0;
			knownRegions = (
				en,
				Base,
			);
			mainGroup = 5CD631AE18F4DF9100FF29F0;
			productRefGroup = 5CD631B818F4DF9100FF29F0 /* Products */;
			projectDirPath = "";
			projectRoot = "";
			targets = (
				5CD631B618F4DF9100FF29F0 /* Cloud_Classroom */,
				5CD631D718F4DF9200FF29F0 /* Cloud_ClassroomTests */,
			);
		};
/* End PBXProject section */

/* Begin PBXResourcesBuildPhase section */
		5CD631B518F4DF9100FF29F0 /* Resources */ = {
			isa = PBXResourcesBuildPhase;
			buildActionMask = 2147483647;
			files = (
				5CD631D318F4DF9200FF29F0 /* Images.xcassets in Resources */,
				5CD631C518F4DF9200FF29F0 /* InfoPlist.strings in Resources */,
				5C8FBCD31912BBDE004200DE /* NoSlideAvailable.jpg in Resources */,
				5CD631CE18F4DF9200FF29F0 /* Main.storyboard in Resources */,
			);
			runOnlyForDeploymentPostprocessing = 0;
		};
		5CD631D618F4DF9200FF29F0 /* Resources */ = {
			isa = PBXResourcesBuildPhase;
			buildActionMask = 2147483647;
			files = (
				5CD631E418F4DF9200FF29F0 /* InfoPlist.strings in Resources */,
			);
			runOnlyForDeploymentPostprocessing = 0;
		};
/* End PBXResourcesBuildPhase section */

/* Begin PBXSourcesBuildPhase section */
		5CD631B318F4DF9100FF29F0 /* Sources */ = {
			isa = PBXSourcesBuildPhase;
			buildActionMask = 2147483647;
			files = (
				5CC8221F1901FA3B00E3507E /* CCMessageCenter.m in Sources */,
				5CB294E218F61F2700A2AB45 /* CCLoginViewController.m in Sources */,
				5CE7B5931909358C0055E381 /* CCMiscHelper.m in Sources */,
				5CA36E701900BC370069A1BA /* CCMessage.m in Sources */,
				5C4D1EB219194C7F0063FA52 /* CCSettingTableViewController.m in Sources */,
				5CA98F1A190908D400776C32 /* CCClassTableViewController.m in Sources */,
				5CE7B59919095AE00055E381 /* CCStudentTableViewController.m in Sources */,
				5C8FBC3A1910B6F0004200DE /* CCClassHelper.m in Sources */,
				5CD631CB18F4DF9200FF29F0 /* CCAppDelegate.m in Sources */,
				5C8FBC341910B0B0004200DE /* CCPictureViewController.m in Sources */,
				5CE7B596190942B00055E381 /* CCClassTabBarController.m in Sources */,
				5C8FBCCF191149C4004200DE /* CCS3ServerManager.m in Sources */,
				5C8FBC371910B0C6004200DE /* CCTextViewController.m in Sources */,
				5CA36E731900BCF00069A1BA /* CCMessageQueue.m in Sources */,
				5C2B938B1902B37700B85DD1 /* CCClass.m in Sources */,
				5CD631F318F4E07700FF29F0 /* CCTCPConnection.m in Sources */,
				5CD631C718F4DF9200FF29F0 /* main.m in Sources */,
				5CB294E918F63A6600A2AB45 /* CCCommunicationHandler.m in Sources */,
			);
			runOnlyForDeploymentPostprocessing = 0;
		};
		5CD631D418F4DF9200FF29F0 /* Sources */ = {
			isa = PBXSourcesBuildPhase;
			buildActionMask = 2147483647;
			files = (
				5CD631E618F4DF9200FF29F0 /* Cloud_ClassroomTests.m in Sources */,
			);
			runOnlyForDeploymentPostprocessing = 0;
		};
/* End PBXSourcesBuildPhase section */

/* Begin PBXTargetDependency section */
		5CD631DE18F4DF9200FF29F0 /* PBXTargetDependency */ = {
			isa = PBXTargetDependency;
			target = 5CD631B618F4DF9100FF29F0 /* Cloud_Classroom */;
			targetProxy = 5CD631DD18F4DF9200FF29F0 /* PBXContainerItemProxy */;
		};
/* End PBXTargetDependency section */

/* Begin PBXVariantGroup section */
		5CD631C318F4DF9200FF29F0 /* InfoPlist.strings */ = {
			isa = PBXVariantGroup;
			children = (
				5CD631C418F4DF9200FF29F0 /* en */,
			);
			name = InfoPlist.strings;
			sourceTree = "<group>";
		};
		5CD631CC18F4DF9200FF29F0 /* Main.storyboard */ = {
			isa = PBXVariantGroup;
			children = (
				5CD631CD18F4DF9200FF29F0 /* Base */,
			);
			name = Main.storyboard;
			sourceTree = "<group>";
		};
		5CD631E218F4DF9200FF29F0 /* InfoPlist.strings */ = {
			isa = PBXVariantGroup;
			children = (
				5CD631E318F4DF9200FF29F0 /* en */,
			);
			name = InfoPlist.strings;
			sourceTree = "<group>";
		};
/* End PBXVariantGroup section */

/* Begin XCBuildConfiguration section */
		5CD631E718F4DF9200FF29F0 /* Debug */ = {
			isa = XCBuildConfiguration;
			buildSettings = {
				ALWAYS_SEARCH_USER_PATHS = NO;
				CLANG_CXX_LANGUAGE_STANDARD = "gnu++0x";
				CLANG_CXX_LIBRARY = "libc++";
				CLANG_ENABLE_MODULES = YES;
				CLANG_ENABLE_OBJC_ARC = YES;
				CLANG_WARN_BOOL_CONVERSION = YES;
				CLANG_WARN_CONSTANT_CONVERSION = YES;
				CLANG_WARN_DIRECT_OBJC_ISA_USAGE = YES_ERROR;
				CLANG_WARN_EMPTY_BODY = YES;
				CLANG_WARN_ENUM_CONVERSION = YES;
				CLANG_WARN_INT_CONVERSION = YES;
				CLANG_WARN_OBJC_ROOT_CLASS = YES_ERROR;
				CLANG_WARN__DUPLICATE_METHOD_MATCH = YES;
				"CODE_SIGN_IDENTITY[sdk=iphoneos*]" = "iPhone Developer";
				COPY_PHASE_STRIP = NO;
				GCC_C_LANGUAGE_STANDARD = gnu99;
				GCC_DYNAMIC_NO_PIC = NO;
				GCC_OPTIMIZATION_LEVEL = 0;
				GCC_PREPROCESSOR_DEFINITIONS = (
					"DEBUG=1",
					"$(inherited)",
				);
				GCC_SYMBOLS_PRIVATE_EXTERN = NO;
				GCC_WARN_64_TO_32_BIT_CONVERSION = YES;
				GCC_WARN_ABOUT_RETURN_TYPE = YES_ERROR;
				GCC_WARN_UNDECLARED_SELECTOR = YES;
				GCC_WARN_UNINITIALIZED_AUTOS = YES_AGGRESSIVE;
				GCC_WARN_UNUSED_FUNCTION = YES;
				GCC_WARN_UNUSED_VARIABLE = YES;
				IPHONEOS_DEPLOYMENT_TARGET = 7.1;
				ONLY_ACTIVE_ARCH = YES;
				SDKROOT = iphoneos;
			};
			name = Debug;
		};
		5CD631E818F4DF9200FF29F0 /* Release */ = {
			isa = XCBuildConfiguration;
			buildSettings = {
				ALWAYS_SEARCH_USER_PATHS = NO;
				CLANG_CXX_LANGUAGE_STANDARD = "gnu++0x";
				CLANG_CXX_LIBRARY = "libc++";
				CLANG_ENABLE_MODULES = YES;
				CLANG_ENABLE_OBJC_ARC = YES;
				CLANG_WARN_BOOL_CONVERSION = YES;
				CLANG_WARN_CONSTANT_CONVERSION = YES;
				CLANG_WARN_DIRECT_OBJC_ISA_USAGE = YES_ERROR;
				CLANG_WARN_EMPTY_BODY = YES;
				CLANG_WARN_ENUM_CONVERSION = YES;
				CLANG_WARN_INT_CONVERSION = YES;
				CLANG_WARN_OBJC_ROOT_CLASS = YES_ERROR;
				CLANG_WARN__DUPLICATE_METHOD_MATCH = YES;
				"CODE_SIGN_IDENTITY[sdk=iphoneos*]" = "iPhone Developer";
				COPY_PHASE_STRIP = YES;
				ENABLE_NS_ASSERTIONS = NO;
				GCC_C_LANGUAGE_STANDARD = gnu99;
				GCC_WARN_64_TO_32_BIT_CONVERSION = YES;
				GCC_WARN_ABOUT_RETURN_TYPE = YES_ERROR;
				GCC_WARN_UNDECLARED_SELECTOR = YES;
				GCC_WARN_UNINITIALIZED_AUTOS = YES_AGGRESSIVE;
				GCC_WARN_UNUSED_FUNCTION = YES;
				GCC_WARN_UNUSED_VARIABLE = YES;
				IPHONEOS_DEPLOYMENT_TARGET = 7.1;
				SDKROOT = iphoneos;
				VALIDATE_PRODUCT = YES;
			};
			name = Release;
		};
		5CD631EA18F4DF9200FF29F0 /* Debug */ = {
			isa = XCBuildConfiguration;
			buildSettings = {
				ASSETCATALOG_COMPILER_APPICON_NAME = AppIcon;
				ASSETCATALOG_COMPILER_LAUNCHIMAGE_NAME = LaunchImage;
				CODE_SIGN_IDENTITY = "iPhone Developer: Hsieh Hao Yu (58EG5QRB6E)";
				"CODE_SIGN_IDENTITY[sdk=iphoneos*]" = "iPhone Developer: Hsieh Hao Yu (58EG5QRB6E)";
				FRAMEWORK_SEARCH_PATHS = (
					"$(inherited)",
					"$(PROJECT_DIR)",
				);
				GCC_PRECOMPILE_PREFIX_HEADER = YES;
				GCC_PREFIX_HEADER = "Cloud_Classroom/Cloud_Classroom-Prefix.pch";
				INFOPLIST_FILE = "Cloud_Classroom/Cloud_Classroom-Info.plist";
				PRODUCT_NAME = "$(TARGET_NAME)";
				PROVISIONING_PROFILE = "A0600BFD-B6A8-4E6E-997C-3FE1A2E4879F";
				WRAPPER_EXTENSION = app;
			};
			name = Debug;
		};
		5CD631EB18F4DF9200FF29F0 /* Release */ = {
			isa = XCBuildConfiguration;
			buildSettings = {
				ASSETCATALOG_COMPILER_APPICON_NAME = AppIcon;
				ASSETCATALOG_COMPILER_LAUNCHIMAGE_NAME = LaunchImage;
				CODE_SIGN_IDENTITY = "iPhone Developer: Hsieh Hao Yu (58EG5QRB6E)";
				"CODE_SIGN_IDENTITY[sdk=iphoneos*]" = "iPhone Developer: Hsieh Hao Yu (58EG5QRB6E)";
				FRAMEWORK_SEARCH_PATHS = (
					"$(inherited)",
					"$(PROJECT_DIR)",
				);
				GCC_PRECOMPILE_PREFIX_HEADER = YES;
				GCC_PREFIX_HEADER = "Cloud_Classroom/Cloud_Classroom-Prefix.pch";
				INFOPLIST_FILE = "Cloud_Classroom/Cloud_Classroom-Info.plist";
				PRODUCT_NAME = "$(TARGET_NAME)";
				PROVISIONING_PROFILE = "A0600BFD-B6A8-4E6E-997C-3FE1A2E4879F";
				WRAPPER_EXTENSION = app;
			};
			name = Release;
		};
		5CD631ED18F4DF9200FF29F0 /* Debug */ = {
			isa = XCBuildConfiguration;
			buildSettings = {
				BUNDLE_LOADER = "$(BUILT_PRODUCTS_DIR)/Cloud_Classroom.app/Cloud_Classroom";
				FRAMEWORK_SEARCH_PATHS = (
					"$(SDKROOT)/Developer/Library/Frameworks",
					"$(inherited)",
					"$(DEVELOPER_FRAMEWORKS_DIR)",
				);
				GCC_PRECOMPILE_PREFIX_HEADER = YES;
				GCC_PREFIX_HEADER = "Cloud_Classroom/Cloud_Classroom-Prefix.pch";
				GCC_PREPROCESSOR_DEFINITIONS = (
					"DEBUG=1",
					"$(inherited)",
				);
				INFOPLIST_FILE = "Cloud_ClassroomTests/Cloud_ClassroomTests-Info.plist";
				PRODUCT_NAME = "$(TARGET_NAME)";
				TEST_HOST = "$(BUNDLE_LOADER)";
				WRAPPER_EXTENSION = xctest;
			};
			name = Debug;
		};
		5CD631EE18F4DF9200FF29F0 /* Release */ = {
			isa = XCBuildConfiguration;
			buildSettings = {
				BUNDLE_LOADER = "$(BUILT_PRODUCTS_DIR)/Cloud_Classroom.app/Cloud_Classroom";
				FRAMEWORK_SEARCH_PATHS = (
					"$(SDKROOT)/Developer/Library/Frameworks",
					"$(inherited)",
					"$(DEVELOPER_FRAMEWORKS_DIR)",
				);
				GCC_PRECOMPILE_PREFIX_HEADER = YES;
				GCC_PREFIX_HEADER = "Cloud_Classroom/Cloud_Classroom-Prefix.pch";
				INFOPLIST_FILE = "Cloud_ClassroomTests/Cloud_ClassroomTests-Info.plist";
				PRODUCT_NAME = "$(TARGET_NAME)";
				TEST_HOST = "$(BUNDLE_LOADER)";
				WRAPPER_EXTENSION = xctest;
			};
			name = Release;
		};
/* End XCBuildConfiguration section */

/* Begin XCConfigurationList section */
		5CD631B218F4DF9100FF29F0 /* Build configuration list for PBXProject "Cloud_Classroom" */ = {
			isa = XCConfigurationList;
			buildConfigurations = (
				5CD631E718F4DF9200FF29F0 /* Debug */,
				5CD631E818F4DF9200FF29F0 /* Release */,
			);
			defaultConfigurationIsVisible = 0;
			defaultConfigurationName = Release;
		};
		5CD631E918F4DF9200FF29F0 /* Build configuration list for PBXNativeTarget "Cloud_Classroom" */ = {
			isa = XCConfigurationList;
			buildConfigurations = (
				5CD631EA18F4DF9200FF29F0 /* Debug */,
				5CD631EB18F4DF9200FF29F0 /* Release */,
			);
			defaultConfigurationIsVisible = 0;
			defaultConfigurationName = Release;
		};
		5CD631EC18F4DF9200FF29F0 /* Build configuration list for PBXNativeTarget "Cloud_ClassroomTests" */ = {
			isa = XCConfigurationList;
			buildConfigurations = (
				5CD631ED18F4DF9200FF29F0 /* Debug */,
				5CD631EE18F4DF9200FF29F0 /* Release */,
			);
			defaultConfigurationIsVisible = 0;
			defaultConfigurationName = Release;
		};
/* End XCConfigurationList section */
	};
	rootObject = 5CD631AF18F4DF9100FF29F0 /* Project object */;
}
